
Microsoft Visual Studio Solution File, Format Version 12.00
# Visual Studio 15
Project("{FAE04EC0-301F-11D3-BF4B-00C04F79EFBC}") = "Assembly-CSharp", "Assembly-CSharp.csproj", "{7A73C042-303D-E8C2-8C9C-2798AFF0D5E3}"
EndProject
Project("{FAE04EC0-301F-11D3-BF4B-00C04F79EFBC}") = "Assembly-CSharp-Editor", "Assembly-CSharp-Editor.csproj", "{5402BD96-031B-F033-018B-1BCA73A66138}"
EndProject
Global
	GlobalSection(SolutionConfigurationPlatforms) = preSolution
		Debug|Any CPU = Debug|Any CPU
		Release|Any CPU = Release|Any CPU
	EndGlobalSection
	GlobalSection(ProjectConfigurationPlatforms) = postSolution
		{7A73C042-303D-E8C2-8C9C-2798AFF0D5E3}.Debug|Any CPU.ActiveCfg = Debug|Any CPU
		{7A73C042-303D-E8C2-8C9C-2798AFF0D5E3}.Debug|Any CPU.Build.0 = Debug|Any CPU
		{7A73C042-303D-E8C2-8C9C-2798AFF0D5E3}.Release|Any CPU.ActiveCfg = Release|Any CPU
		{7A73C042-303D-E8C2-8C9C-2798AFF0D5E3}.Release|Any CPU.Build.0 = Release|Any CPU
		{5402BD96-031B-F033-018B-1BCA73A66138}.Debug|Any CPU.ActiveCfg = Debug|Any CPU
		{5402BD96-031B-F033-018B-1BCA73A66138}.Debug|Any CPU.Build.0 = Debug|Any CPU
		{5402BD96-031B-F033-018B-1BCA73A66138}.Release|Any CPU.ActiveCfg = Release|Any CPU
		{5402BD96-031B-F033-018B-1BCA73A66138}.Release|Any CPU.Build.0 = Release|Any CPU
	EndGlobalSection
	GlobalSection(SolutionProperties) = preSolution
		HideSolutionNode = FALSE
	EndGlobalSection
EndGlobal
