
Microsoft Visual Studio Solution File, Format Version 12.00
# Visual Studio 15
Project("{FAE04EC0-301F-11D3-BF4B-00C04F79EFBC}") = "Assembly-CSharp", "Assembly-CSharp.csproj", "{81DF69D2-AA75-BDA1-B0D6-AC17CFCA8C1E}"
EndProject
Project("{FAE04EC0-301F-11D3-BF4B-00C04F79EFBC}") = "Assembly-CSharp-Editor", "Assembly-CSharp-Editor.csproj", "{5534EFAD-12FD-A082-729C-847430BCD62F}"
EndProject
Global
	GlobalSection(SolutionConfigurationPlatforms) = preSolution
		Debug|Any CPU = Debug|Any CPU
		Release|Any CPU = Release|Any CPU
	EndGlobalSection
	GlobalSection(ProjectConfigurationPlatforms) = postSolution
		{81DF69D2-AA75-BDA1-B0D6-AC17CFCA8C1E}.Debug|Any CPU.ActiveCfg = Debug|Any CPU
		{81DF69D2-AA75-BDA1-B0D6-AC17CFCA8C1E}.Debug|Any CPU.Build.0 = Debug|Any CPU
		{81DF69D2-AA75-BDA1-B0D6-AC17CFCA8C1E}.Release|Any CPU.ActiveCfg = Release|Any CPU
		{81DF69D2-AA75-BDA1-B0D6-AC17CFCA8C1E}.Release|Any CPU.Build.0 = Release|Any CPU
		{5534EFAD-12FD-A082-729C-847430BCD62F}.Debug|Any CPU.ActiveCfg = Debug|Any CPU
		{5534EFAD-12FD-A082-729C-847430BCD62F}.Debug|Any CPU.Build.0 = Debug|Any CPU
		{5534EFAD-12FD-A082-729C-847430BCD62F}.Release|Any CPU.ActiveCfg = Release|Any CPU
		{5534EFAD-12FD-A082-729C-847430BCD62F}.Release|Any CPU.Build.0 = Release|Any CPU
	EndGlobalSection
	GlobalSection(SolutionProperties) = preSolution
		HideSolutionNode = FALSE
	EndGlobalSection
EndGlobal
